
Microsoft Visual Studio Solution File, Format Version 12.00
# Visual Studio Version 16
VisualStudioVersion = 16.0.30413.136
MinimumVisualStudioVersion = 10.0.40219.1
Project("{FAE04EC0-301F-11D3-BF4B-00C04F79EFBC}") = "Практика3.1", "Практика3.1.csproj", "{0C43A432-E22C-4691-8429-358427A0F10D}"
EndProject
Global
	GlobalSection(SolutionConfigurationPlatforms) = preSolution
		Debug|Any CPU = Debug|Any CPU
		Release|Any CPU = Release|Any CPU
	EndGlobalSection
	GlobalSection(ProjectConfigurationPlatforms) = postSolution
		{0C43A432-E22C-4691-8429-358427A0F10D}.Debug|Any CPU.ActiveCfg = Debug|Any CPU
		{0C43A432-E22C-4691-8429-358427A0F10D}.Debug|Any CPU.Build.0 = Debug|Any CPU
		{0C43A432-E22C-4691-8429-358427A0F10D}.Release|Any CPU.ActiveCfg = Release|Any CPU
		{0C43A432-E22C-4691-8429-358427A0F10D}.Release|Any CPU.Build.0 = Release|Any CPU
	EndGlobalSection
	GlobalSection(SolutionProperties) = preSolution
		HideSolutionNode = FALSE
	EndGlobalSection
	GlobalSection(ExtensibilityGlobals) = postSolution
		SolutionGuid = {14D6E2E2-6479-45FD-A4CA-E05155D03336}
	EndGlobalSection
EndGlobal
